// !$*UTF8*$!
{
	archiveVersion = 1;
	classes = {
	};
	objectVersion = 50;
	objects = {

/* Begin PBXBuildFile section */
		52AE4D8225322E190061B125 /* RafaelCardApp.swift in Sources */ = {isa = PBXBuildFile; fileRef = 52AE4D8125322E190061B125 /* RafaelCardApp.swift */; };
		52AE4D8425322E190061B125 /* ContentView.swift in Sources */ = {isa = PBXBuildFile; fileRef = 52AE4D8325322E190061B125 /* ContentView.swift */; };
		52AE4D8925322E1D0061B125 /* Preview Assets.xcassets in Resources */ = {isa = PBXBuildFile; fileRef = 52AE4D8825322E1D0061B125 /* Preview Assets.xcassets */; };
		52AE4DAB2532385C0061B125 /* Roboto-Light.ttf in Resources */ = {isa = PBXBuildFile; fileRef = 52AE4D9F2532385C0061B125 /* Roboto-Light.ttf */; };
		52AE4DAC2532385C0061B125 /* Roboto-Medium.ttf in Resources */ = {isa = PBXBuildFile; fileRef = 52AE4DA02532385C0061B125 /* Roboto-Medium.ttf */; };
		52AE4DAD2532385C0061B125 /* Roboto-Black.ttf in Resources */ = {isa = PBXBuildFile; fileRef = 52AE4DA12532385C0061B125 /* Roboto-Black.ttf */; };
		52AE4DAE2532385C0061B125 /* Roboto-MediumItalic.ttf in Resources */ = {isa = PBXBuildFile; fileRef = 52AE4DA22532385C0061B125 /* Roboto-MediumItalic.ttf */; };
		52AE4DAF2532385C0061B125 /* Roboto-BoldItalic.ttf in Resources */ = {isa = PBXBuildFile; fileRef = 52AE4DA32532385C0061B125 /* Roboto-BoldItalic.ttf */; };
		52AE4DB02532385C0061B125 /* Roboto-Thin.ttf in Resources */ = {isa = PBXBuildFile; fileRef = 52AE4DA42532385C0061B125 /* Roboto-Thin.ttf */; };
		52AE4DB12532385C0061B125 /* Roboto-Bold.ttf in Resources */ = {isa = PBXBuildFile; fileRef = 52AE4DA52532385C0061B125 /* Roboto-Bold.ttf */; };
		52AE4DB22532385C0061B125 /* Roboto-Italic.ttf in Resources */ = {isa = PBXBuildFile; fileRef = 52AE4DA62532385C0061B125 /* Roboto-Italic.ttf */; };
		52AE4DB32532385C0061B125 /* Roboto-BlackItalic.ttf in Resources */ = {isa = PBXBuildFile; fileRef = 52AE4DA72532385C0061B125 /* Roboto-BlackItalic.ttf */; };
		52AE4DB42532385C0061B125 /* Roboto-Regular.ttf in Resources */ = {isa = PBXBuildFile; fileRef = 52AE4DA82532385C0061B125 /* Roboto-Regular.ttf */; };
		52AE4DB52532385C0061B125 /* Roboto-LightItalic.ttf in Resources */ = {isa = PBXBuildFile; fileRef = 52AE4DA92532385C0061B125 /* Roboto-LightItalic.ttf */; };
		52AE4DB62532385C0061B125 /* Roboto-ThinItalic.ttf in Resources */ = {isa = PBXBuildFile; fileRef = 52AE4DAA2532385C0061B125 /* Roboto-ThinItalic.ttf */; };
		52AE4DBA2532595F0061B125 /* Assets.xcassets in Resources */ = {isa = PBXBuildFile; fileRef = 52AE4DB92532595F0061B125 /* Assets.xcassets */; };
/* End PBXBuildFile section */

/* Begin PBXFileReference section */
		52AE4D7E25322E190061B125 /* RafaelCard.app */ = {isa = PBXFileReference; explicitFileType = wrapper.application; includeInIndex = 0; path = RafaelCard.app; sourceTree = BUILT_PRODUCTS_DIR; };
		52AE4D8125322E190061B125 /* RafaelCardApp.swift */ = {isa = PBXFileReference; lastKnownFileType = sourcecode.swift; path = RafaelCardApp.swift; sourceTree = "<group>"; };
		52AE4D8325322E190061B125 /* ContentView.swift */ = {isa = PBXFileReference; lastKnownFileType = sourcecode.swift; path = ContentView.swift; sourceTree = "<group>"; };
		52AE4D8825322E1D0061B125 /* Preview Assets.xcassets */ = {isa = PBXFileReference; lastKnownFileType = folder.assetcatalog; path = "Preview Assets.xcassets"; sourceTree = "<group>"; };
		52AE4D8A25322E1D0061B125 /* Info.plist */ = {isa = PBXFileReference; lastKnownFileType = text.plist.xml; path = Info.plist; sourceTree = "<group>"; };
		52AE4D9F2532385C0061B125 /* Roboto-Light.ttf */ = {isa = PBXFileReference; lastKnownFileType = file; path = "Roboto-Light.ttf"; sourceTree = "<group>"; };
		52AE4DA02532385C0061B125 /* Roboto-Medium.ttf */ = {isa = PBXFileReference; lastKnownFileType = file; path = "Roboto-Medium.ttf"; sourceTree = "<group>"; };
		52AE4DA12532385C0061B125 /* Roboto-Black.ttf */ = {isa = PBXFileReference; lastKnownFileType = file; path = "Roboto-Black.ttf"; sourceTree = "<group>"; };
		52AE4DA22532385C0061B125 /* Roboto-MediumItalic.ttf */ = {isa = PBXFileReference; lastKnownFileType = file; path = "Roboto-MediumItalic.ttf"; sourceTree = "<group>"; };
		52AE4DA32532385C0061B125 /* Roboto-BoldItalic.ttf */ = {isa = PBXFileReference; lastKnownFileType = file; path = "Roboto-BoldItalic.ttf"; sourceTree = "<group>"; };
		52AE4DA42532385C0061B125 /* Roboto-Thin.ttf */ = {isa = PBXFileReference; lastKnownFileType = file; path = "Roboto-Thin.ttf"; sourceTree = "<group>"; };
		52AE4DA52532385C0061B125 /* Roboto-Bold.ttf */ = {isa = PBXFileReference; lastKnownFileType = file; path = "Roboto-Bold.ttf"; sourceTree = "<group>"; };
		52AE4DA62532385C0061B125 /* Roboto-Italic.ttf */ = {isa = PBXFileReference; lastKnownFileType = file; path = "Roboto-Italic.ttf"; sourceTree = "<group>"; };
		52AE4DA72532385C0061B125 /* Roboto-BlackItalic.ttf */ = {isa = PBXFileReference; lastKnownFileType = file; path = "Roboto-BlackItalic.ttf"; sourceTree = "<group>"; };
		52AE4DA82532385C0061B125 /* Roboto-Regular.ttf */ = {isa = PBXFileReference; lastKnownFileType = file; path = "Roboto-Regular.ttf"; sourceTree = "<group>"; };
		52AE4DA92532385C0061B125 /* Roboto-LightItalic.ttf */ = {isa = PBXFileReference; lastKnownFileType = file; path = "Roboto-LightItalic.ttf"; sourceTree = "<group>"; };
		52AE4DAA2532385C0061B125 /* Roboto-ThinItalic.ttf */ = {isa = PBXFileReference; lastKnownFileType = file; path = "Roboto-ThinItalic.ttf"; sourceTree = "<group>"; };
		52AE4DB92532595F0061B125 /* Assets.xcassets */ = {isa = PBXFileReference; lastKnownFileType = folder.assetcatalog; path = Assets.xcassets; sourceTree = "<group>"; };
/* End PBXFileReference section */

/* Begin PBXFrameworksBuildPhase section */
		52AE4D7B25322E180061B125 /* Frameworks */ = {
			isa = PBXFrameworksBuildPhase;
			buildActionMask = 2147483647;
			files = (
			);
			runOnlyForDeploymentPostprocessing = 0;
		};
/* End PBXFrameworksBuildPhase section */

/* Begin PBXGroup section */
		52AE4D7525322E180061B125 = {
			isa = PBXGroup;
			children = (
				52AE4D8025322E190061B125 /* RafaelCard */,
				52AE4D7F25322E190061B125 /* Products */,
			);
			sourceTree = "<group>";
		};
		52AE4D7F25322E190061B125 /* Products */ = {
			isa = PBXGroup;
			children = (
				52AE4D7E25322E190061B125 /* RafaelCard.app */,
			);
			name = Products;
			sourceTree = "<group>";
		};
		52AE4D8025322E190061B125 /* RafaelCard */ = {
			isa = PBXGroup;
			children = (
				52AE4D9E253238450061B125 /* fonts */,
				52AE4D8125322E190061B125 /* RafaelCardApp.swift */,
				52AE4D8325322E190061B125 /* ContentView.swift */,
				52AE4D8A25322E1D0061B125 /* Info.plist */,
				52AE4DB92532595F0061B125 /* Assets.xcassets */,
				52AE4D8725322E1D0061B125 /* Preview Content */,
			);
			path = RafaelCard;
			sourceTree = "<group>";
		};
		52AE4D8725322E1D0061B125 /* Preview Content */ = {
			isa = PBXGroup;
			children = (
				52AE4D8825322E1D0061B125 /* Preview Assets.xcassets */,
			);
			path = "Preview Content";
			sourceTree = "<group>";
		};
		52AE4D9E253238450061B125 /* fonts */ = {
			isa = PBXGroup;
			children = (
				52AE4DA12532385C0061B125 /* Roboto-Black.ttf */,
				52AE4DA72532385C0061B125 /* Roboto-BlackItalic.ttf */,
				52AE4DA52532385C0061B125 /* Roboto-Bold.ttf */,
				52AE4DA32532385C0061B125 /* Roboto-BoldItalic.ttf */,
				52AE4DA62532385C0061B125 /* Roboto-Italic.ttf */,
				52AE4D9F2532385C0061B125 /* Roboto-Light.ttf */,
				52AE4DA92532385C0061B125 /* Roboto-LightItalic.ttf */,
				52AE4DA02532385C0061B125 /* Roboto-Medium.ttf */,
				52AE4DA22532385C0061B125 /* Roboto-MediumItalic.ttf */,
				52AE4DA82532385C0061B125 /* Roboto-Regular.ttf */,
				52AE4DA42532385C0061B125 /* Roboto-Thin.ttf */,
				52AE4DAA2532385C0061B125 /* Roboto-ThinItalic.ttf */,
			);
			path = fonts;
			sourceTree = "<group>";
		};
/* End PBXGroup section */

/* Begin PBXNativeTarget section */
		52AE4D7D25322E180061B125 /* RafaelCard */ = {
			isa = PBXNativeTarget;
			buildConfigurationList = 52AE4D8D25322E1D0061B125 /* Build configuration list for PBXNativeTarget "RafaelCard" */;
			buildPhases = (
				52AE4D7A25322E180061B125 /* Sources */,
				52AE4D7B25322E180061B125 /* Frameworks */,
				52AE4D7C25322E180061B125 /* Resources */,
			);
			buildRules = (
			);
			dependencies = (
			);
			name = RafaelCard;
			productName = RafaelCard;
			productReference = 52AE4D7E25322E190061B125 /* RafaelCard.app */;
			productType = "com.apple.product-type.application";
		};
/* End PBXNativeTarget section */

/* Begin PBXProject section */
		52AE4D7625322E180061B125 /* Project object */ = {
			isa = PBXProject;
			attributes = {
				LastSwiftUpdateCheck = 1200;
				LastUpgradeCheck = 1200;
				TargetAttributes = {
					52AE4D7D25322E180061B125 = {
						CreatedOnToolsVersion = 12.0.1;
					};
				};
			};
			buildConfigurationList = 52AE4D7925322E180061B125 /* Build configuration list for PBXProject "RafaelCard" */;
			compatibilityVersion = "Xcode 9.3";
			developmentRegion = en;
			hasScannedForEncodings = 0;
			knownRegions = (
				en,
				Base,
			);
			mainGroup = 52AE4D7525322E180061B125;
			productRefGroup = 52AE4D7F25322E190061B125 /* Products */;
			projectDirPath = "";
			projectRoot = "";
			targets = (
				52AE4D7D25322E180061B125 /* RafaelCard */,
			);
		};
/* End PBXProject section */

/* Begin PBXResourcesBuildPhase section */
		52AE4D7C25322E180061B125 /* Resources */ = {
			isa = PBXResourcesBuildPhase;
			buildActionMask = 2147483647;
			files = (
				52AE4DB02532385C0061B125 /* Roboto-Thin.ttf in Resources */,
				52AE4DAC2532385C0061B125 /* Roboto-Medium.ttf in Resources */,
				52AE4D8925322E1D0061B125 /* Preview Assets.xcassets in Resources */,
				52AE4DAD2532385C0061B125 /* Roboto-Black.ttf in Resources */,
				52AE4DBA2532595F0061B125 /* Assets.xcassets in Resources */,
				52AE4DB52532385C0061B125 /* Roboto-LightItalic.ttf in Resources */,
				52AE4DB12532385C0061B125 /* Roboto-Bold.ttf in Resources */,
				52AE4DB42532385C0061B125 /* Roboto-Regular.ttf in Resources */,
				52AE4DB32532385C0061B125 /* Roboto-BlackItalic.ttf in Resources */,
				52AE4DAE2532385C0061B125 /* Roboto-MediumItalic.ttf in Resources */,
				52AE4DB62532385C0061B125 /* Roboto-ThinItalic.ttf in Resources */,
				52AE4DB22532385C0061B125 /* Roboto-Italic.ttf in Resources */,
				52AE4DAF2532385C0061B125 /* Roboto-BoldItalic.ttf in Resources */,
				52AE4DAB2532385C0061B125 /* Roboto-Light.ttf in Resources */,
			);
			runOnlyForDeploymentPostprocessing = 0;
		};
/* End PBXResourcesBuildPhase section */

/* Begin PBXSourcesBuildPhase section */
		52AE4D7A25322E180061B125 /* Sources */ = {
			isa = PBXSourcesBuildPhase;
			buildActionMask = 2147483647;
			files = (
				52AE4D8425322E190061B125 /* ContentView.swift in Sources */,
				52AE4D8225322E190061B125 /* RafaelCardApp.swift in Sources */,
			);
			runOnlyForDeploymentPostprocessing = 0;
		};
/* End PBXSourcesBuildPhase section */

/* Begin XCBuildConfiguration section */
		52AE4D8B25322E1D0061B125 /* Debug */ = {
			isa = XCBuildConfiguration;
			buildSettings = {
				ALWAYS_SEARCH_USER_PATHS = NO;
				CLANG_ANALYZER_NONNULL = YES;
				CLANG_ANALYZER_NUMBER_OBJECT_CONVERSION = YES_AGGRESSIVE;
				CLANG_CXX_LANGUAGE_STANDARD = "gnu++14";
				CLANG_CXX_LIBRARY = "libc++";
				CLANG_ENABLE_MODULES = YES;
				CLANG_ENABLE_OBJC_ARC = YES;
				CLANG_ENABLE_OBJC_WEAK = YES;
				CLANG_WARN_BLOCK_CAPTURE_AUTORELEASING = YES;
				CLANG_WARN_BOOL_CONVERSION = YES;
				CLANG_WARN_COMMA = YES;
				CLANG_WARN_CONSTANT_CONVERSION = YES;
				CLANG_WARN_DEPRECATED_OBJC_IMPLEMENTATIONS = YES;
				CLANG_WARN_DIRECT_OBJC_ISA_USAGE = YES_ERROR;
				CLANG_WARN_DOCUMENTATION_COMMENTS = YES;
				CLANG_WARN_EMPTY_BODY = YES;
				CLANG_WARN_ENUM_CONVERSION = YES;
				CLANG_WARN_INFINITE_RECURSION = YES;
				CLANG_WARN_INT_CONVERSION = YES;
				CLANG_WARN_NON_LITERAL_NULL_CONVERSION = YES;
				CLANG_WARN_OBJC_IMPLICIT_RETAIN_SELF = YES;
				CLANG_WARN_OBJC_LITERAL_CONVERSION = YES;
				CLANG_WARN_OBJC_ROOT_CLASS = YES_ERROR;
				CLANG_WARN_QUOTED_INCLUDE_IN_FRAMEWORK_HEADER = YES;
				CLANG_WARN_RANGE_LOOP_ANALYSIS = YES;
				CLANG_WARN_STRICT_PROTOTYPES = YES;
				CLANG_WARN_SUSPICIOUS_MOVE = YES;
				CLANG_WARN_UNGUARDED_AVAILABILITY = YES_AGGRESSIVE;
				CLANG_WARN_UNREACHABLE_CODE = YES;
				CLANG_WARN__DUPLICATE_METHOD_MATCH = YES;
				COPY_PHASE_STRIP = NO;
				DEBUG_INFORMATION_FORMAT = dwarf;
				ENABLE_STRICT_OBJC_MSGSEND = YES;
				ENABLE_TESTABILITY = YES;
				GCC_C_LANGUAGE_STANDARD = gnu11;
				GCC_DYNAMIC_NO_PIC = NO;
				GCC_NO_COMMON_BLOCKS = YES;
				GCC_OPTIMIZATION_LEVEL = 0;
				GCC_PREPROCESSOR_DEFINITIONS = (
					"DEBUG=1",
					"$(inherited)",
				);
				GCC_WARN_64_TO_32_BIT_CONVERSION = YES;
				GCC_WARN_ABOUT_RETURN_TYPE = YES_ERROR;
				GCC_WARN_UNDECLARED_SELECTOR = YES;
				GCC_WARN_UNINITIALIZED_AUTOS = YES_AGGRESSIVE;
				GCC_WARN_UNUSED_FUNCTION = YES;
				GCC_WARN_UNUSED_VARIABLE = YES;
				IPHONEOS_DEPLOYMENT_TARGET = 14.0;
				MTL_ENABLE_DEBUG_INFO = INCLUDE_SOURCE;
				MTL_FAST_MATH = YES;
				ONLY_ACTIVE_ARCH = YES;
				SDKROOT = iphoneos;
				SWIFT_ACTIVE_COMPILATION_CONDITIONS = DEBUG;
				SWIFT_OPTIMIZATION_LEVEL = "-Onone";
			};
			name = Debug;
		};
		52AE4D8C25322E1D0061B125 /* Release */ = {
			isa = XCBuildConfiguration;
			buildSettings = {
				ALWAYS_SEARCH_USER_PATHS = NO;
				CLANG_ANALYZER_NONNULL = YES;
				CLANG_ANALYZER_NUMBER_OBJECT_CONVERSION = YES_AGGRESSIVE;
				CLANG_CXX_LANGUAGE_STANDARD = "gnu++14";
				CLANG_CXX_LIBRARY = "libc++";
				CLANG_ENABLE_MODULES = YES;
				CLANG_ENABLE_OBJC_ARC = YES;
				CLANG_ENABLE_OBJC_WEAK = YES;
				CLANG_WARN_BLOCK_CAPTURE_AUTORELEASING = YES;
				CLANG_WARN_BOOL_CONVERSION = YES;
				CLANG_WARN_COMMA = YES;
				CLANG_WARN_CONSTANT_CONVERSION = YES;
				CLANG_WARN_DEPRECATED_OBJC_IMPLEMENTATIONS = YES;
				CLANG_WARN_DIRECT_OBJC_ISA_USAGE = YES_ERROR;
				CLANG_WARN_DOCUMENTATION_COMMENTS = YES;
				CLANG_WARN_EMPTY_BODY = YES;
				CLANG_WARN_ENUM_CONVERSION = YES;
				CLANG_WARN_INFINITE_RECURSION = YES;
				CLANG_WARN_INT_CONVERSION = YES;
				CLANG_WARN_NON_LITERAL_NULL_CONVERSION = YES;
				CLANG_WARN_OBJC_IMPLICIT_RETAIN_SELF = YES;
				CLANG_WARN_OBJC_LITERAL_CONVERSION = YES;
				CLANG_WARN_OBJC_ROOT_CLASS = YES_ERROR;
				CLANG_WARN_QUOTED_INCLUDE_IN_FRAMEWORK_HEADER = YES;
				CLANG_WARN_RANGE_LOOP_ANALYSIS = YES;
				CLANG_WARN_STRICT_PROTOTYPES = YES;
				CLANG_WARN_SUSPICIOUS_MOVE = YES;
				CLANG_WARN_UNGUARDED_AVAILABILITY = YES_AGGRESSIVE;
				CLANG_WARN_UNREACHABLE_CODE = YES;
				CLANG_WARN__DUPLICATE_METHOD_MATCH = YES;
				COPY_PHASE_STRIP = NO;
				DEBUG_INFORMATION_FORMAT = "dwarf-with-dsym";
				ENABLE_NS_ASSERTIONS = NO;
				ENABLE_STRICT_OBJC_MSGSEND = YES;
				GCC_C_LANGUAGE_STANDARD = gnu11;
				GCC_NO_COMMON_BLOCKS = YES;
				GCC_WARN_64_TO_32_BIT_CONVERSION = YES;
				GCC_WARN_ABOUT_RETURN_TYPE = YES_ERROR;
				GCC_WARN_UNDECLARED_SELECTOR = YES;
				GCC_WARN_UNINITIALIZED_AUTOS = YES_AGGRESSIVE;
				GCC_WARN_UNUSED_FUNCTION = YES;
				GCC_WARN_UNUSED_VARIABLE = YES;
				IPHONEOS_DEPLOYMENT_TARGET = 14.0;
				MTL_ENABLE_DEBUG_INFO = NO;
				MTL_FAST_MATH = YES;
				SDKROOT = iphoneos;
				SWIFT_COMPILATION_MODE = wholemodule;
				SWIFT_OPTIMIZATION_LEVEL = "-O";
				VALIDATE_PRODUCT = YES;
			};
			name = Release;
		};
		52AE4D8E25322E1D0061B125 /* Debug */ = {
			isa = XCBuildConfiguration;
			buildSettings = {
				ASSETCATALOG_COMPILER_APPICON_NAME = AppIcon;
				ASSETCATALOG_COMPILER_GLOBAL_ACCENT_COLOR_NAME = AccentColor;
				CODE_SIGN_STYLE = Automatic;
				DEVELOPMENT_ASSET_PATHS = "\"RafaelCard/Preview Content\"";
				DEVELOPMENT_TEAM = SZX87D45Z2;
				ENABLE_PREVIEWS = YES;
				INFOPLIST_FILE = RafaelCard/Info.plist;
				IPHONEOS_DEPLOYMENT_TARGET = 14.0;
				LD_RUNPATH_SEARCH_PATHS = (
					"$(inherited)",
					"@executable_path/Frameworks",
				);
				PRODUCT_BUNDLE_IDENTIFIER = com.br.rafaelfreitas.RafaelCard;
				PRODUCT_NAME = "$(TARGET_NAME)";
				SWIFT_VERSION = 5.0;
				TARGETED_DEVICE_FAMILY = "1,2";
			};
			name = Debug;
		};
		52AE4D8F25322E1D0061B125 /* Release */ = {
			isa = XCBuildConfiguration;
			buildSettings = {
				ASSETCATALOG_COMPILER_APPICON_NAME = AppIcon;
				ASSETCATALOG_COMPILER_GLOBAL_ACCENT_COLOR_NAME = AccentColor;
				CODE_SIGN_STYLE = Automatic;
				DEVELOPMENT_ASSET_PATHS = "\"RafaelCard/Preview Content\"";
				DEVELOPMENT_TEAM = SZX87D45Z2;
				ENABLE_PREVIEWS = YES;
				INFOPLIST_FILE = RafaelCard/Info.plist;
				IPHONEOS_DEPLOYMENT_TARGET = 14.0;
				LD_RUNPATH_SEARCH_PATHS = (
					"$(inherited)",
					"@executable_path/Frameworks",
				);
				PRODUCT_BUNDLE_IDENTIFIER = com.br.rafaelfreitas.RafaelCard;
				PRODUCT_NAME = "$(TARGET_NAME)";
				SWIFT_VERSION = 5.0;
				TARGETED_DEVICE_FAMILY = "1,2";
			};
			name = Release;
		};
/* End XCBuildConfiguration section */

/* Begin XCConfigurationList section */
		52AE4D7925322E180061B125 /* Build configuration list for PBXProject "RafaelCard" */ = {
			isa = XCConfigurationList;
			buildConfigurations = (
				52AE4D8B25322E1D0061B125 /* Debug */,
				52AE4D8C25322E1D0061B125 /* Release */,
			);
			defaultConfigurationIsVisible = 0;
			defaultConfigurationName = Release;
		};
		52AE4D8D25322E1D0061B125 /* Build configuration list for PBXNativeTarget "RafaelCard" */ = {
			isa = XCConfigurationList;
			buildConfigurations = (
				52AE4D8E25322E1D0061B125 /* Debug */,
				52AE4D8F25322E1D0061B125 /* Release */,
			);
			defaultConfigurationIsVisible = 0;
			defaultConfigurationName = Release;
		};
/* End XCConfigurationList section */
	};
	rootObject = 52AE4D7625322E180061B125 /* Project object */;
}
